
Microsoft Visual Studio Solution File, Format Version 12.00
Project("{FAE04EC0-301F-11D3-BF4B-00C04F79EFBC}") = "Podpis2", "Podpis2\Podpis2.csproj", "{2ABB1320-A075-4830-AC91-99D83ED91B87}"
EndProject
Project("{FAE04EC0-301F-11D3-BF4B-00C04F79EFBC}") = "TestApp", "TestApp\TestApp.csproj", "{63DEB2D3-6732-45A9-A0DA-83FF1C54739D}"
EndProject
Project("{FAE04EC0-301F-11D3-BF4B-00C04F79EFBC}") = "XmlSign", "XmlSign\XmlSign.csproj", "{4C631AA4-88D6-4B22-8DA0-7535455979BB}"
EndProject
Global
	GlobalSection(SolutionConfigurationPlatforms) = preSolution
		Debug|Any CPU = Debug|Any CPU
		Release|Any CPU = Release|Any CPU
	EndGlobalSection
	GlobalSection(ProjectConfigurationPlatforms) = postSolution
		{2ABB1320-A075-4830-AC91-99D83ED91B87}.Debug|Any CPU.ActiveCfg = Debug|Any CPU
		{2ABB1320-A075-4830-AC91-99D83ED91B87}.Debug|Any CPU.Build.0 = Debug|Any CPU
		{2ABB1320-A075-4830-AC91-99D83ED91B87}.Release|Any CPU.ActiveCfg = Release|Any CPU
		{2ABB1320-A075-4830-AC91-99D83ED91B87}.Release|Any CPU.Build.0 = Release|Any CPU
		{63DEB2D3-6732-45A9-A0DA-83FF1C54739D}.Debug|Any CPU.ActiveCfg = Debug|Any CPU
		{63DEB2D3-6732-45A9-A0DA-83FF1C54739D}.Debug|Any CPU.Build.0 = Debug|Any CPU
		{63DEB2D3-6732-45A9-A0DA-83FF1C54739D}.Release|Any CPU.ActiveCfg = Release|Any CPU
		{63DEB2D3-6732-45A9-A0DA-83FF1C54739D}.Release|Any CPU.Build.0 = Release|Any CPU
		{4C631AA4-88D6-4B22-8DA0-7535455979BB}.Debug|Any CPU.ActiveCfg = Debug|Any CPU
		{4C631AA4-88D6-4B22-8DA0-7535455979BB}.Debug|Any CPU.Build.0 = Debug|Any CPU
		{4C631AA4-88D6-4B22-8DA0-7535455979BB}.Release|Any CPU.ActiveCfg = Release|Any CPU
		{4C631AA4-88D6-4B22-8DA0-7535455979BB}.Release|Any CPU.Build.0 = Release|Any CPU
	EndGlobalSection
EndGlobal
